
Microsoft Visual Studio Solution File, Format Version 12.00
# Visual Studio Version 17
VisualStudioVersion = 17.8.34309.116
MinimumVisualStudioVersion = 10.0.40219.1
Project("{9A19103F-16F7-4668-BE54-9A1E7A4F7556}") = "EmployeeFunctions", "EmployeeFunctions.csproj", "{E4CFB455-9B17-416B-A3DB-6D96DB0ED89E}"
EndProject
Project("{FAE04EC0-301F-11D3-BF4B-00C04F79EFBC}") = "EmployeeFunctions.Blazor", "..\EmployeeFunctions.Blazor\EmployeeFunctions.Blazor.csproj", "{293305D3-73D5-401E-A270-78771461FCA0}"
EndProject
Global
	GlobalSection(SolutionConfigurationPlatforms) = preSolution
		Debug|Any CPU = Debug|Any CPU
		Release|Any CPU = Release|Any CPU
	EndGlobalSection
	GlobalSection(ProjectConfigurationPlatforms) = postSolution
		{E4CFB455-9B17-416B-A3DB-6D96DB0ED89E}.Debug|Any CPU.ActiveCfg = Debug|Any CPU
		{E4CFB455-9B17-416B-A3DB-6D96DB0ED89E}.Debug|Any CPU.Build.0 = Debug|Any CPU
		{E4CFB455-9B17-416B-A3DB-6D96DB0ED89E}.Release|Any CPU.ActiveCfg = Release|Any CPU
		{E4CFB455-9B17-416B-A3DB-6D96DB0ED89E}.Release|Any CPU.Build.0 = Release|Any CPU
		{293305D3-73D5-401E-A270-78771461FCA0}.Debug|Any CPU.ActiveCfg = Debug|Any CPU
		{293305D3-73D5-401E-A270-78771461FCA0}.Debug|Any CPU.Build.0 = Debug|Any CPU
		{293305D3-73D5-401E-A270-78771461FCA0}.Release|Any CPU.ActiveCfg = Release|Any CPU
		{293305D3-73D5-401E-A270-78771461FCA0}.Release|Any CPU.Build.0 = Release|Any CPU
	EndGlobalSection
	GlobalSection(SolutionProperties) = preSolution
		HideSolutionNode = FALSE
	EndGlobalSection
	GlobalSection(ExtensibilityGlobals) = postSolution
		SolutionGuid = {7B7D81D9-FAF1-458B-830A-1517C2343CAF}
	EndGlobalSection
EndGlobal
